
Microsoft Visual Studio Solution File, Format Version 12.00
# Visual Studio Version 17
VisualStudioVersion = 17.3.32929.385
MinimumVisualStudioVersion = 10.0.40219.1
Project("{FAE04EC0-301F-11D3-BF4B-00C04F79EFBC}") = "ToDoMvc", "ToDoMvc\ToDoMvc.csproj", "{B2A359F5-F8CD-4DBD-9406-E7667C5C506E}"
EndProject
Global
	GlobalSection(SolutionConfigurationPlatforms) = preSolution
		Debug|Any CPU = Debug|Any CPU
		Release|Any CPU = Release|Any CPU
	EndGlobalSection
	GlobalSection(ProjectConfigurationPlatforms) = postSolution
		{B2A359F5-F8CD-4DBD-9406-E7667C5C506E}.Debug|Any CPU.ActiveCfg = Debug|Any CPU
		{B2A359F5-F8CD-4DBD-9406-E7667C5C506E}.Debug|Any CPU.Build.0 = Debug|Any CPU
		{B2A359F5-F8CD-4DBD-9406-E7667C5C506E}.Release|Any CPU.ActiveCfg = Release|Any CPU
		{B2A359F5-F8CD-4DBD-9406-E7667C5C506E}.Release|Any CPU.Build.0 = Release|Any CPU
	EndGlobalSection
	GlobalSection(SolutionProperties) = preSolution
		HideSolutionNode = FALSE
	EndGlobalSection
	GlobalSection(ExtensibilityGlobals) = postSolution
		SolutionGuid = {A06C73B2-50B6-41D8-B05A-91EB2DA3B4DE}
	EndGlobalSection
EndGlobal
